// !$*UTF8*$!
{
	archiveVersion = 1;
	classes = {
	};
	objectVersion = 55;
	objects = {

/* Begin PBXBuildFile section */
		BF744905289928CC004B1FCC /* UIViewController+Extension.swift in Sources */ = {isa = PBXBuildFile; fileRef = BF744904289928CC004B1FCC /* UIViewController+Extension.swift */; };
		BF74490828992B99004B1FCC /* Network.swift in Sources */ = {isa = PBXBuildFile; fileRef = BF74490728992B99004B1FCC /* Network.swift */; };
		BF74490A28992F01004B1FCC /* Constants.swift in Sources */ = {isa = PBXBuildFile; fileRef = BF74490928992F01004B1FCC /* Constants.swift */; };
		BF74490C2899313B004B1FCC /* InputViewModel.swift in Sources */ = {isa = PBXBuildFile; fileRef = BF74490B2899313B004B1FCC /* InputViewModel.swift */; };
		BF74490E28993921004B1FCC /* RequestModel.swift in Sources */ = {isa = PBXBuildFile; fileRef = BF74490D28993921004B1FCC /* RequestModel.swift */; };
		BF74491228994CEA004B1FCC /* PullRequestViewController.swift in Sources */ = {isa = PBXBuildFile; fileRef = BF74491128994CE9004B1FCC /* PullRequestViewController.swift */; };
		BFB088C02898120400B18F5D /* AppDelegate.swift in Sources */ = {isa = PBXBuildFile; fileRef = BFB088BF2898120400B18F5D /* AppDelegate.swift */; };
		BFB088C22898120400B18F5D /* SceneDelegate.swift in Sources */ = {isa = PBXBuildFile; fileRef = BFB088C12898120400B18F5D /* SceneDelegate.swift */; };
		BFB088C42898120400B18F5D /* InputViewController.swift in Sources */ = {isa = PBXBuildFile; fileRef = BFB088C32898120400B18F5D /* InputViewController.swift */; };
		BFB088C72898120400B18F5D /* Main.storyboard in Resources */ = {isa = PBXBuildFile; fileRef = BFB088C52898120400B18F5D /* Main.storyboard */; };
		BFB088C92898120500B18F5D /* Assets.xcassets in Resources */ = {isa = PBXBuildFile; fileRef = BFB088C82898120500B18F5D /* Assets.xcassets */; };
		BFB088CC2898120500B18F5D /* LaunchScreen.storyboard in Resources */ = {isa = PBXBuildFile; fileRef = BFB088CA2898120500B18F5D /* LaunchScreen.storyboard */; };
		BFB088D72898120600B18F5D /* GitMeetTests.swift in Sources */ = {isa = PBXBuildFile; fileRef = BFB088D62898120600B18F5D /* GitMeetTests.swift */; };
		BFB088E12898120600B18F5D /* GitMeetUITests.swift in Sources */ = {isa = PBXBuildFile; fileRef = BFB088E02898120600B18F5D /* GitMeetUITests.swift */; };
		BFB088E32898120600B18F5D /* GitMeetUITestsLaunchTests.swift in Sources */ = {isa = PBXBuildFile; fileRef = BFB088E22898120600B18F5D /* GitMeetUITestsLaunchTests.swift */; };
/* End PBXBuildFile section */

/* Begin PBXContainerItemProxy section */
		BFB088D32898120600B18F5D /* PBXContainerItemProxy */ = {
			isa = PBXContainerItemProxy;
			containerPortal = BFB088B42898120400B18F5D /* Project object */;
			proxyType = 1;
			remoteGlobalIDString = BFB088BB2898120400B18F5D;
			remoteInfo = GitMeet;
		};
		BFB088DD2898120600B18F5D /* PBXContainerItemProxy */ = {
			isa = PBXContainerItemProxy;
			containerPortal = BFB088B42898120400B18F5D /* Project object */;
			proxyType = 1;
			remoteGlobalIDString = BFB088BB2898120400B18F5D;
			remoteInfo = GitMeet;
		};
/* End PBXContainerItemProxy section */

/* Begin PBXFileReference section */
		BF744904289928CC004B1FCC /* UIViewController+Extension.swift */ = {isa = PBXFileReference; lastKnownFileType = sourcecode.swift; path = "UIViewController+Extension.swift"; sourceTree = "<group>"; };
		BF74490728992B99004B1FCC /* Network.swift */ = {isa = PBXFileReference; lastKnownFileType = sourcecode.swift; path = Network.swift; sourceTree = "<group>"; };
		BF74490928992F01004B1FCC /* Constants.swift */ = {isa = PBXFileReference; lastKnownFileType = sourcecode.swift; path = Constants.swift; sourceTree = "<group>"; };
		BF74490B2899313B004B1FCC /* InputViewModel.swift */ = {isa = PBXFileReference; lastKnownFileType = sourcecode.swift; path = InputViewModel.swift; sourceTree = "<group>"; };
		BF74490D28993921004B1FCC /* RequestModel.swift */ = {isa = PBXFileReference; lastKnownFileType = sourcecode.swift; path = RequestModel.swift; sourceTree = "<group>"; };
		BF74491128994CE9004B1FCC /* PullRequestViewController.swift */ = {isa = PBXFileReference; lastKnownFileType = sourcecode.swift; path = PullRequestViewController.swift; sourceTree = "<group>"; };
		BFB088BC2898120400B18F5D /* GitMeet.app */ = {isa = PBXFileReference; explicitFileType = wrapper.application; includeInIndex = 0; path = GitMeet.app; sourceTree = BUILT_PRODUCTS_DIR; };
		BFB088BF2898120400B18F5D /* AppDelegate.swift */ = {isa = PBXFileReference; lastKnownFileType = sourcecode.swift; path = AppDelegate.swift; sourceTree = "<group>"; };
		BFB088C12898120400B18F5D /* SceneDelegate.swift */ = {isa = PBXFileReference; lastKnownFileType = sourcecode.swift; path = SceneDelegate.swift; sourceTree = "<group>"; };
		BFB088C32898120400B18F5D /* InputViewController.swift */ = {isa = PBXFileReference; lastKnownFileType = sourcecode.swift; path = InputViewController.swift; sourceTree = "<group>"; };
		BFB088C62898120400B18F5D /* Base */ = {isa = PBXFileReference; lastKnownFileType = file.storyboard; name = Base; path = Base.lproj/Main.storyboard; sourceTree = "<group>"; };
		BFB088C82898120500B18F5D /* Assets.xcassets */ = {isa = PBXFileReference; lastKnownFileType = folder.assetcatalog; path = Assets.xcassets; sourceTree = "<group>"; };
		BFB088CB2898120500B18F5D /* Base */ = {isa = PBXFileReference; lastKnownFileType = file.storyboard; name = Base; path = Base.lproj/LaunchScreen.storyboard; sourceTree = "<group>"; };
		BFB088CD2898120500B18F5D /* Info.plist */ = {isa = PBXFileReference; lastKnownFileType = text.plist.xml; path = Info.plist; sourceTree = "<group>"; };
		BFB088D22898120600B18F5D /* GitMeetTests.xctest */ = {isa = PBXFileReference; explicitFileType = wrapper.cfbundle; includeInIndex = 0; path = GitMeetTests.xctest; sourceTree = BUILT_PRODUCTS_DIR; };
		BFB088D62898120600B18F5D /* GitMeetTests.swift */ = {isa = PBXFileReference; lastKnownFileType = sourcecode.swift; path = GitMeetTests.swift; sourceTree = "<group>"; };
		BFB088DC2898120600B18F5D /* GitMeetUITests.xctest */ = {isa = PBXFileReference; explicitFileType = wrapper.cfbundle; includeInIndex = 0; path = GitMeetUITests.xctest; sourceTree = BUILT_PRODUCTS_DIR; };
		BFB088E02898120600B18F5D /* GitMeetUITests.swift */ = {isa = PBXFileReference; lastKnownFileType = sourcecode.swift; path = GitMeetUITests.swift; sourceTree = "<group>"; };
		BFB088E22898120600B18F5D /* GitMeetUITestsLaunchTests.swift */ = {isa = PBXFileReference; lastKnownFileType = sourcecode.swift; path = GitMeetUITestsLaunchTests.swift; sourceTree = "<group>"; };
/* End PBXFileReference section */

/* Begin PBXFrameworksBuildPhase section */
		BFB088B92898120400B18F5D /* Frameworks */ = {
			isa = PBXFrameworksBuildPhase;
			buildActionMask = 2147483647;
			files = (
			);
			runOnlyForDeploymentPostprocessing = 0;
		};
		BFB088CF2898120600B18F5D /* Frameworks */ = {
			isa = PBXFrameworksBuildPhase;
			buildActionMask = 2147483647;
			files = (
			);
			runOnlyForDeploymentPostprocessing = 0;
		};
		BFB088D92898120600B18F5D /* Frameworks */ = {
			isa = PBXFrameworksBuildPhase;
			buildActionMask = 2147483647;
			files = (
			);
			runOnlyForDeploymentPostprocessing = 0;
		};
/* End PBXFrameworksBuildPhase section */

/* Begin PBXGroup section */
		BF74490328992840004B1FCC /* RepoInput */ = {
			isa = PBXGroup;
			children = (
				BFB088C32898120400B18F5D /* InputViewController.swift */,
				BF74490B2899313B004B1FCC /* InputViewModel.swift */,
			);
			path = RepoInput;
			sourceTree = "<group>";
		};
		BF744906289929ED004B1FCC /* Extension */ = {
			isa = PBXGroup;
			children = (
				BF744904289928CC004B1FCC /* UIViewController+Extension.swift */,
			);
			path = Extension;
			sourceTree = "<group>";
		};
		BF74490F28993C43004B1FCC /* Model */ = {
			isa = PBXGroup;
			children = (
				BF74490D28993921004B1FCC /* RequestModel.swift */,
			);
			path = Model;
			sourceTree = "<group>";
		};
		BF74491028993C4C004B1FCC /* Helpers */ = {
			isa = PBXGroup;
			children = (
				BF74490728992B99004B1FCC /* Network.swift */,
				BF74490928992F01004B1FCC /* Constants.swift */,
			);
			path = Helpers;
			sourceTree = "<group>";
		};
		BF74491328994CF1004B1FCC /* PullRequest */ = {
			isa = PBXGroup;
			children = (
				BF74491128994CE9004B1FCC /* PullRequestViewController.swift */,
			);
			path = PullRequest;
			sourceTree = "<group>";
		};
		BFB088B32898120400B18F5D = {
			isa = PBXGroup;
			children = (
				BFB088BE2898120400B18F5D /* GitMeet */,
				BFB088D52898120600B18F5D /* GitMeetTests */,
				BFB088DF2898120600B18F5D /* GitMeetUITests */,
				BFB088BD2898120400B18F5D /* Products */,
			);
			sourceTree = "<group>";
		};
		BFB088BD2898120400B18F5D /* Products */ = {
			isa = PBXGroup;
			children = (
				BFB088BC2898120400B18F5D /* GitMeet.app */,
				BFB088D22898120600B18F5D /* GitMeetTests.xctest */,
				BFB088DC2898120600B18F5D /* GitMeetUITests.xctest */,
			);
			name = Products;
			sourceTree = "<group>";
		};
		BFB088BE2898120400B18F5D /* GitMeet */ = {
			isa = PBXGroup;
			children = (
				BFB088EF289815FD00B18F5D /* Defaults */,
				BFB088F02898161E00B18F5D /* View */,
				BFB088C52898120400B18F5D /* Main.storyboard */,
				BFB088C82898120500B18F5D /* Assets.xcassets */,
				BFB088CA2898120500B18F5D /* LaunchScreen.storyboard */,
				BFB088CD2898120500B18F5D /* Info.plist */,
				BF744906289929ED004B1FCC /* Extension */,
				BF74491028993C4C004B1FCC /* Helpers */,
				BF74490F28993C43004B1FCC /* Model */,
			);
			path = GitMeet;
			sourceTree = "<group>";
		};
		BFB088D52898120600B18F5D /* GitMeetTests */ = {
			isa = PBXGroup;
			children = (
				BFB088D62898120600B18F5D /* GitMeetTests.swift */,
			);
			path = GitMeetTests;
			sourceTree = "<group>";
		};
		BFB088DF2898120600B18F5D /* GitMeetUITests */ = {
			isa = PBXGroup;
			children = (
				BFB088E02898120600B18F5D /* GitMeetUITests.swift */,
				BFB088E22898120600B18F5D /* GitMeetUITestsLaunchTests.swift */,
			);
			path = GitMeetUITests;
			sourceTree = "<group>";
		};
		BFB088EF289815FD00B18F5D /* Defaults */ = {
			isa = PBXGroup;
			children = (
				BFB088BF2898120400B18F5D /* AppDelegate.swift */,
				BFB088C12898120400B18F5D /* SceneDelegate.swift */,
			);
			path = Defaults;
			sourceTree = "<group>";
		};
		BFB088F02898161E00B18F5D /* View */ = {
			isa = PBXGroup;
			children = (
				BF74490328992840004B1FCC /* RepoInput */,
				BF74491328994CF1004B1FCC /* PullRequest */,
			);
			path = View;
			sourceTree = "<group>";
		};
/* End PBXGroup section */

/* Begin PBXNativeTarget section */
		BFB088BB2898120400B18F5D /* GitMeet */ = {
			isa = PBXNativeTarget;
			buildConfigurationList = BFB088E62898120600B18F5D /* Build configuration list for PBXNativeTarget "GitMeet" */;
			buildPhases = (
				BFB088B82898120400B18F5D /* Sources */,
				BFB088B92898120400B18F5D /* Frameworks */,
				BFB088BA2898120400B18F5D /* Resources */,
			);
			buildRules = (
			);
			dependencies = (
			);
			name = GitMeet;
			productName = GitMeet;
			productReference = BFB088BC2898120400B18F5D /* GitMeet.app */;
			productType = "com.apple.product-type.application";
		};
		BFB088D12898120600B18F5D /* GitMeetTests */ = {
			isa = PBXNativeTarget;
			buildConfigurationList = BFB088E92898120600B18F5D /* Build configuration list for PBXNativeTarget "GitMeetTests" */;
			buildPhases = (
				BFB088CE2898120600B18F5D /* Sources */,
				BFB088CF2898120600B18F5D /* Frameworks */,
				BFB088D02898120600B18F5D /* Resources */,
			);
			buildRules = (
			);
			dependencies = (
				BFB088D42898120600B18F5D /* PBXTargetDependency */,
			);
			name = GitMeetTests;
			productName = GitMeetTests;
			productReference = BFB088D22898120600B18F5D /* GitMeetTests.xctest */;
			productType = "com.apple.product-type.bundle.unit-test";
		};
		BFB088DB2898120600B18F5D /* GitMeetUITests */ = {
			isa = PBXNativeTarget;
			buildConfigurationList = BFB088EC2898120600B18F5D /* Build configuration list for PBXNativeTarget "GitMeetUITests" */;
			buildPhases = (
				BFB088D82898120600B18F5D /* Sources */,
				BFB088D92898120600B18F5D /* Frameworks */,
				BFB088DA2898120600B18F5D /* Resources */,
			);
			buildRules = (
			);
			dependencies = (
				BFB088DE2898120600B18F5D /* PBXTargetDependency */,
			);
			name = GitMeetUITests;
			productName = GitMeetUITests;
			productReference = BFB088DC2898120600B18F5D /* GitMeetUITests.xctest */;
			productType = "com.apple.product-type.bundle.ui-testing";
		};
/* End PBXNativeTarget section */

/* Begin PBXProject section */
		BFB088B42898120400B18F5D /* Project object */ = {
			isa = PBXProject;
			attributes = {
				BuildIndependentTargetsInParallel = 1;
				LastSwiftUpdateCheck = 1330;
				LastUpgradeCheck = 1330;
				TargetAttributes = {
					BFB088BB2898120400B18F5D = {
						CreatedOnToolsVersion = 13.3;
					};
					BFB088D12898120600B18F5D = {
						CreatedOnToolsVersion = 13.3;
						TestTargetID = BFB088BB2898120400B18F5D;
					};
					BFB088DB2898120600B18F5D = {
						CreatedOnToolsVersion = 13.3;
						TestTargetID = BFB088BB2898120400B18F5D;
					};
				};
			};
			buildConfigurationList = BFB088B72898120400B18F5D /* Build configuration list for PBXProject "GitMeet" */;
			compatibilityVersion = "Xcode 13.0";
			developmentRegion = en;
			hasScannedForEncodings = 0;
			knownRegions = (
				en,
				Base,
			);
			mainGroup = BFB088B32898120400B18F5D;
			productRefGroup = BFB088BD2898120400B18F5D /* Products */;
			projectDirPath = "";
			projectRoot = "";
			targets = (
				BFB088BB2898120400B18F5D /* GitMeet */,
				BFB088D12898120600B18F5D /* GitMeetTests */,
				BFB088DB2898120600B18F5D /* GitMeetUITests */,
			);
		};
/* End PBXProject section */

/* Begin PBXResourcesBuildPhase section */
		BFB088BA2898120400B18F5D /* Resources */ = {
			isa = PBXResourcesBuildPhase;
			buildActionMask = 2147483647;
			files = (
				BFB088CC2898120500B18F5D /* LaunchScreen.storyboard in Resources */,
				BFB088C92898120500B18F5D /* Assets.xcassets in Resources */,
				BFB088C72898120400B18F5D /* Main.storyboard in Resources */,
			);
			runOnlyForDeploymentPostprocessing = 0;
		};
		BFB088D02898120600B18F5D /* Resources */ = {
			isa = PBXResourcesBuildPhase;
			buildActionMask = 2147483647;
			files = (
			);
			runOnlyForDeploymentPostprocessing = 0;
		};
		BFB088DA2898120600B18F5D /* Resources */ = {
			isa = PBXResourcesBuildPhase;
			buildActionMask = 2147483647;
			files = (
			);
			runOnlyForDeploymentPostprocessing = 0;
		};
/* End PBXResourcesBuildPhase section */

/* Begin PBXSourcesBuildPhase section */
		BFB088B82898120400B18F5D /* Sources */ = {
			isa = PBXSourcesBuildPhase;
			buildActionMask = 2147483647;
			files = (
				BF74490828992B99004B1FCC /* Network.swift in Sources */,
				BF74491228994CEA004B1FCC /* PullRequestViewController.swift in Sources */,
				BF744905289928CC004B1FCC /* UIViewController+Extension.swift in Sources */,
				BFB088C42898120400B18F5D /* InputViewController.swift in Sources */,
				BFB088C02898120400B18F5D /* AppDelegate.swift in Sources */,
				BFB088C22898120400B18F5D /* SceneDelegate.swift in Sources */,
				BF74490C2899313B004B1FCC /* InputViewModel.swift in Sources */,
				BF74490A28992F01004B1FCC /* Constants.swift in Sources */,
				BF74490E28993921004B1FCC /* RequestModel.swift in Sources */,
			);
			runOnlyForDeploymentPostprocessing = 0;
		};
		BFB088CE2898120600B18F5D /* Sources */ = {
			isa = PBXSourcesBuildPhase;
			buildActionMask = 2147483647;
			files = (
				BFB088D72898120600B18F5D /* GitMeetTests.swift in Sources */,
			);
			runOnlyForDeploymentPostprocessing = 0;
		};
		BFB088D82898120600B18F5D /* Sources */ = {
			isa = PBXSourcesBuildPhase;
			buildActionMask = 2147483647;
			files = (
				BFB088E32898120600B18F5D /* GitMeetUITestsLaunchTests.swift in Sources */,
				BFB088E12898120600B18F5D /* GitMeetUITests.swift in Sources */,
			);
			runOnlyForDeploymentPostprocessing = 0;
		};
/* End PBXSourcesBuildPhase section */

/* Begin PBXTargetDependency section */
		BFB088D42898120600B18F5D /* PBXTargetDependency */ = {
			isa = PBXTargetDependency;
			target = BFB088BB2898120400B18F5D /* GitMeet */;
			targetProxy = BFB088D32898120600B18F5D /* PBXContainerItemProxy */;
		};
		BFB088DE2898120600B18F5D /* PBXTargetDependency */ = {
			isa = PBXTargetDependency;
			target = BFB088BB2898120400B18F5D /* GitMeet */;
			targetProxy = BFB088DD2898120600B18F5D /* PBXContainerItemProxy */;
		};
/* End PBXTargetDependency section */

/* Begin PBXVariantGroup section */
		BFB088C52898120400B18F5D /* Main.storyboard */ = {
			isa = PBXVariantGroup;
			children = (
				BFB088C62898120400B18F5D /* Base */,
			);
			name = Main.storyboard;
			sourceTree = "<group>";
		};
		BFB088CA2898120500B18F5D /* LaunchScreen.storyboard */ = {
			isa = PBXVariantGroup;
			children = (
				BFB088CB2898120500B18F5D /* Base */,
			);
			name = LaunchScreen.storyboard;
			sourceTree = "<group>";
		};
/* End PBXVariantGroup section */

/* Begin XCBuildConfiguration section */
		BFB088E42898120600B18F5D /* Debug */ = {
			isa = XCBuildConfiguration;
			buildSettings = {
				ALWAYS_SEARCH_USER_PATHS = NO;
				CLANG_ANALYZER_NONNULL = YES;
				CLANG_ANALYZER_NUMBER_OBJECT_CONVERSION = YES_AGGRESSIVE;
				CLANG_CXX_LANGUAGE_STANDARD = "gnu++17";
				CLANG_ENABLE_MODULES = YES;
				CLANG_ENABLE_OBJC_ARC = YES;
				CLANG_ENABLE_OBJC_WEAK = YES;
				CLANG_WARN_BLOCK_CAPTURE_AUTORELEASING = YES;
				CLANG_WARN_BOOL_CONVERSION = YES;
				CLANG_WARN_COMMA = YES;
				CLANG_WARN_CONSTANT_CONVERSION = YES;
				CLANG_WARN_DEPRECATED_OBJC_IMPLEMENTATIONS = YES;
				CLANG_WARN_DIRECT_OBJC_ISA_USAGE = YES_ERROR;
				CLANG_WARN_DOCUMENTATION_COMMENTS = YES;
				CLANG_WARN_EMPTY_BODY = YES;
				CLANG_WARN_ENUM_CONVERSION = YES;
				CLANG_WARN_INFINITE_RECURSION = YES;
				CLANG_WARN_INT_CONVERSION = YES;
				CLANG_WARN_NON_LITERAL_NULL_CONVERSION = YES;
				CLANG_WARN_OBJC_IMPLICIT_RETAIN_SELF = YES;
				CLANG_WARN_OBJC_LITERAL_CONVERSION = YES;
				CLANG_WARN_OBJC_ROOT_CLASS = YES_ERROR;
				CLANG_WARN_QUOTED_INCLUDE_IN_FRAMEWORK_HEADER = YES;
				CLANG_WARN_RANGE_LOOP_ANALYSIS = YES;
				CLANG_WARN_STRICT_PROTOTYPES = YES;
				CLANG_WARN_SUSPICIOUS_MOVE = YES;
				CLANG_WARN_UNGUARDED_AVAILABILITY = YES_AGGRESSIVE;
				CLANG_WARN_UNREACHABLE_CODE = YES;
				CLANG_WARN__DUPLICATE_METHOD_MATCH = YES;
				COPY_PHASE_STRIP = NO;
				DEBUG_INFORMATION_FORMAT = dwarf;
				ENABLE_STRICT_OBJC_MSGSEND = YES;
				ENABLE_TESTABILITY = YES;
				GCC_C_LANGUAGE_STANDARD = gnu11;
				GCC_DYNAMIC_NO_PIC = NO;
				GCC_NO_COMMON_BLOCKS = YES;
				GCC_OPTIMIZATION_LEVEL = 0;
				GCC_PREPROCESSOR_DEFINITIONS = (
					"DEBUG=1",
					"$(inherited)",
				);
				GCC_WARN_64_TO_32_BIT_CONVERSION = YES;
				GCC_WARN_ABOUT_RETURN_TYPE = YES_ERROR;
				GCC_WARN_UNDECLARED_SELECTOR = YES;
				GCC_WARN_UNINITIALIZED_AUTOS = YES_AGGRESSIVE;
				GCC_WARN_UNUSED_FUNCTION = YES;
				GCC_WARN_UNUSED_VARIABLE = YES;
				IPHONEOS_DEPLOYMENT_TARGET = 15.4;
				MTL_ENABLE_DEBUG_INFO = INCLUDE_SOURCE;
				MTL_FAST_MATH = YES;
				ONLY_ACTIVE_ARCH = YES;
				SDKROOT = iphoneos;
				SWIFT_ACTIVE_COMPILATION_CONDITIONS = DEBUG;
				SWIFT_OPTIMIZATION_LEVEL = "-Onone";
			};
			name = Debug;
		};
		BFB088E52898120600B18F5D /* Release */ = {
			isa = XCBuildConfiguration;
			buildSettings = {
				ALWAYS_SEARCH_USER_PATHS = NO;
				CLANG_ANALYZER_NONNULL = YES;
				CLANG_ANALYZER_NUMBER_OBJECT_CONVERSION = YES_AGGRESSIVE;
				CLANG_CXX_LANGUAGE_STANDARD = "gnu++17";
				CLANG_ENABLE_MODULES = YES;
				CLANG_ENABLE_OBJC_ARC = YES;
				CLANG_ENABLE_OBJC_WEAK = YES;
				CLANG_WARN_BLOCK_CAPTURE_AUTORELEASING = YES;
				CLANG_WARN_BOOL_CONVERSION = YES;
				CLANG_WARN_COMMA = YES;
				CLANG_WARN_CONSTANT_CONVERSION = YES;
				CLANG_WARN_DEPRECATED_OBJC_IMPLEMENTATIONS = YES;
				CLANG_WARN_DIRECT_OBJC_ISA_USAGE = YES_ERROR;
				CLANG_WARN_DOCUMENTATION_COMMENTS = YES;
				CLANG_WARN_EMPTY_BODY = YES;
				CLANG_WARN_ENUM_CONVERSION = YES;
				CLANG_WARN_INFINITE_RECURSION = YES;
				CLANG_WARN_INT_CONVERSION = YES;
				CLANG_WARN_NON_LITERAL_NULL_CONVERSION = YES;
				CLANG_WARN_OBJC_IMPLICIT_RETAIN_SELF = YES;
				CLANG_WARN_OBJC_LITERAL_CONVERSION = YES;
				CLANG_WARN_OBJC_ROOT_CLASS = YES_ERROR;
				CLANG_WARN_QUOTED_INCLUDE_IN_FRAMEWORK_HEADER = YES;
				CLANG_WARN_RANGE_LOOP_ANALYSIS = YES;
				CLANG_WARN_STRICT_PROTOTYPES = YES;
				CLANG_WARN_SUSPICIOUS_MOVE = YES;
				CLANG_WARN_UNGUARDED_AVAILABILITY = YES_AGGRESSIVE;
				CLANG_WARN_UNREACHABLE_CODE = YES;
				CLANG_WARN__DUPLICATE_METHOD_MATCH = YES;
				COPY_PHASE_STRIP = NO;
				DEBUG_INFORMATION_FORMAT = "dwarf-with-dsym";
				ENABLE_NS_ASSERTIONS = NO;
				ENABLE_STRICT_OBJC_MSGSEND = YES;
				GCC_C_LANGUAGE_STANDARD = gnu11;
				GCC_NO_COMMON_BLOCKS = YES;
				GCC_WARN_64_TO_32_BIT_CONVERSION = YES;
				GCC_WARN_ABOUT_RETURN_TYPE = YES_ERROR;
				GCC_WARN_UNDECLARED_SELECTOR = YES;
				GCC_WARN_UNINITIALIZED_AUTOS = YES_AGGRESSIVE;
				GCC_WARN_UNUSED_FUNCTION = YES;
				GCC_WARN_UNUSED_VARIABLE = YES;
				IPHONEOS_DEPLOYMENT_TARGET = 15.4;
				MTL_ENABLE_DEBUG_INFO = NO;
				MTL_FAST_MATH = YES;
				SDKROOT = iphoneos;
				SWIFT_COMPILATION_MODE = wholemodule;
				SWIFT_OPTIMIZATION_LEVEL = "-O";
				VALIDATE_PRODUCT = YES;
			};
			name = Release;
		};
		BFB088E72898120600B18F5D /* Debug */ = {
			isa = XCBuildConfiguration;
			buildSettings = {
				ASSETCATALOG_COMPILER_APPICON_NAME = AppIcon;
				ASSETCATALOG_COMPILER_GLOBAL_ACCENT_COLOR_NAME = AccentColor;
				CODE_SIGN_STYLE = Automatic;
				CURRENT_PROJECT_VERSION = 1;
				GENERATE_INFOPLIST_FILE = YES;
				INFOPLIST_FILE = GitMeet/Info.plist;
				INFOPLIST_KEY_CFBundleDisplayName = "Git Meet";
				INFOPLIST_KEY_UIApplicationSupportsIndirectInputEvents = YES;
				INFOPLIST_KEY_UILaunchStoryboardName = LaunchScreen;
				INFOPLIST_KEY_UIMainStoryboardFile = Main;
				INFOPLIST_KEY_UISupportedInterfaceOrientations = "UIInterfaceOrientationPortrait UIInterfaceOrientationPortraitUpsideDown";
				INFOPLIST_KEY_UISupportedInterfaceOrientations_iPad = "UIInterfaceOrientationPortrait UIInterfaceOrientationPortraitUpsideDown UIInterfaceOrientationLandscapeLeft UIInterfaceOrientationLandscapeRight";
				INFOPLIST_KEY_UISupportedInterfaceOrientations_iPhone = "UIInterfaceOrientationPortrait UIInterfaceOrientationLandscapeLeft UIInterfaceOrientationLandscapeRight";
				LD_RUNPATH_SEARCH_PATHS = (
					"$(inherited)",
					"@executable_path/Frameworks",
				);
				MARKETING_VERSION = 1.0;
				PRODUCT_BUNDLE_IDENTIFIER = com.shankpali.GitMeet;
				PRODUCT_NAME = "$(TARGET_NAME)";
				SWIFT_EMIT_LOC_STRINGS = YES;
				SWIFT_VERSION = 5.0;
				TARGETED_DEVICE_FAMILY = "1,2";
			};
			name = Debug;
		};
		BFB088E82898120600B18F5D /* Release */ = {
			isa = XCBuildConfiguration;
			buildSettings = {
				ASSETCATALOG_COMPILER_APPICON_NAME = AppIcon;
				ASSETCATALOG_COMPILER_GLOBAL_ACCENT_COLOR_NAME = AccentColor;
				CODE_SIGN_STYLE = Automatic;
				CURRENT_PROJECT_VERSION = 1;
				GENERATE_INFOPLIST_FILE = YES;
				INFOPLIST_FILE = GitMeet/Info.plist;
				INFOPLIST_KEY_CFBundleDisplayName = "Git Meet";
				INFOPLIST_KEY_UIApplicationSupportsIndirectInputEvents = YES;
				INFOPLIST_KEY_UILaunchStoryboardName = LaunchScreen;
				INFOPLIST_KEY_UIMainStoryboardFile = Main;
				INFOPLIST_KEY_UISupportedInterfaceOrientations = "UIInterfaceOrientationPortrait UIInterfaceOrientationPortraitUpsideDown";
				INFOPLIST_KEY_UISupportedInterfaceOrientations_iPad = "UIInterfaceOrientationPortrait UIInterfaceOrientationPortraitUpsideDown UIInterfaceOrientationLandscapeLeft UIInterfaceOrientationLandscapeRight";
				INFOPLIST_KEY_UISupportedInterfaceOrientations_iPhone = "UIInterfaceOrientationPortrait UIInterfaceOrientationLandscapeLeft UIInterfaceOrientationLandscapeRight";
				LD_RUNPATH_SEARCH_PATHS = (
					"$(inherited)",
					"@executable_path/Frameworks",
				);
				MARKETING_VERSION = 1.0;
				PRODUCT_BUNDLE_IDENTIFIER = com.shankpali.GitMeet;
				PRODUCT_NAME = "$(TARGET_NAME)";
				SWIFT_EMIT_LOC_STRINGS = YES;
				SWIFT_VERSION = 5.0;
				TARGETED_DEVICE_FAMILY = "1,2";
			};
			name = Release;
		};
		BFB088EA2898120600B18F5D /* Debug */ = {
			isa = XCBuildConfiguration;
			buildSettings = {
				ALWAYS_EMBED_SWIFT_STANDARD_LIBRARIES = YES;
				BUNDLE_LOADER = "$(TEST_HOST)";
				CODE_SIGN_STYLE = Automatic;
				CURRENT_PROJECT_VERSION = 1;
				GENERATE_INFOPLIST_FILE = YES;
				IPHONEOS_DEPLOYMENT_TARGET = 15.4;
				MARKETING_VERSION = 1.0;
				PRODUCT_BUNDLE_IDENTIFIER = com.shankpali.GitMeetTests;
				PRODUCT_NAME = "$(TARGET_NAME)";
				SWIFT_EMIT_LOC_STRINGS = NO;
				SWIFT_VERSION = 5.0;
				TARGETED_DEVICE_FAMILY = "1,2";
				TEST_HOST = "$(BUILT_PRODUCTS_DIR)/GitMeet.app/GitMeet";
			};
			name = Debug;
		};
		BFB088EB2898120600B18F5D /* Release */ = {
			isa = XCBuildConfiguration;
			buildSettings = {
				ALWAYS_EMBED_SWIFT_STANDARD_LIBRARIES = YES;
				BUNDLE_LOADER = "$(TEST_HOST)";
				CODE_SIGN_STYLE = Automatic;
				CURRENT_PROJECT_VERSION = 1;
				GENERATE_INFOPLIST_FILE = YES;
				IPHONEOS_DEPLOYMENT_TARGET = 15.4;
				MARKETING_VERSION = 1.0;
				PRODUCT_BUNDLE_IDENTIFIER = com.shankpali.GitMeetTests;
				PRODUCT_NAME = "$(TARGET_NAME)";
				SWIFT_EMIT_LOC_STRINGS = NO;
				SWIFT_VERSION = 5.0;
				TARGETED_DEVICE_FAMILY = "1,2";
				TEST_HOST = "$(BUILT_PRODUCTS_DIR)/GitMeet.app/GitMeet";
			};
			name = Release;
		};
		BFB088ED2898120600B18F5D /* Debug */ = {
			isa = XCBuildConfiguration;
			buildSettings = {
				ALWAYS_EMBED_SWIFT_STANDARD_LIBRARIES = YES;
				CODE_SIGN_STYLE = Automatic;
				CURRENT_PROJECT_VERSION = 1;
				GENERATE_INFOPLIST_FILE = YES;
				MARKETING_VERSION = 1.0;
				PRODUCT_BUNDLE_IDENTIFIER = com.shankpali.GitMeetUITests;
				PRODUCT_NAME = "$(TARGET_NAME)";
				SWIFT_EMIT_LOC_STRINGS = NO;
				SWIFT_VERSION = 5.0;
				TARGETED_DEVICE_FAMILY = "1,2";
				TEST_TARGET_NAME = GitMeet;
			};
			name = Debug;
		};
		BFB088EE2898120600B18F5D /* Release */ = {
			isa = XCBuildConfiguration;
			buildSettings = {
				ALWAYS_EMBED_SWIFT_STANDARD_LIBRARIES = YES;
				CODE_SIGN_STYLE = Automatic;
				CURRENT_PROJECT_VERSION = 1;
				GENERATE_INFOPLIST_FILE = YES;
				MARKETING_VERSION = 1.0;
				PRODUCT_BUNDLE_IDENTIFIER = com.shankpali.GitMeetUITests;
				PRODUCT_NAME = "$(TARGET_NAME)";
				SWIFT_EMIT_LOC_STRINGS = NO;
				SWIFT_VERSION = 5.0;
				TARGETED_DEVICE_FAMILY = "1,2";
				TEST_TARGET_NAME = GitMeet;
			};
			name = Release;
		};
/* End XCBuildConfiguration section */

/* Begin XCConfigurationList section */
		BFB088B72898120400B18F5D /* Build configuration list for PBXProject "GitMeet" */ = {
			isa = XCConfigurationList;
			buildConfigurations = (
				BFB088E42898120600B18F5D /* Debug */,
				BFB088E52898120600B18F5D /* Release */,
			);
			defaultConfigurationIsVisible = 0;
			defaultConfigurationName = Release;
		};
		BFB088E62898120600B18F5D /* Build configuration list for PBXNativeTarget "GitMeet" */ = {
			isa = XCConfigurationList;
			buildConfigurations = (
				BFB088E72898120600B18F5D /* Debug */,
				BFB088E82898120600B18F5D /* Release */,
			);
			defaultConfigurationIsVisible = 0;
			defaultConfigurationName = Release;
		};
		BFB088E92898120600B18F5D /* Build configuration list for PBXNativeTarget "GitMeetTests" */ = {
			isa = XCConfigurationList;
			buildConfigurations = (
				BFB088EA2898120600B18F5D /* Debug */,
				BFB088EB2898120600B18F5D /* Release */,
			);
			defaultConfigurationIsVisible = 0;
			defaultConfigurationName = Release;
		};
		BFB088EC2898120600B18F5D /* Build configuration list for PBXNativeTarget "GitMeetUITests" */ = {
			isa = XCConfigurationList;
			buildConfigurations = (
				BFB088ED2898120600B18F5D /* Debug */,
				BFB088EE2898120600B18F5D /* Release */,
			);
			defaultConfigurationIsVisible = 0;
			defaultConfigurationName = Release;
		};
/* End XCConfigurationList section */
	};
	rootObject = BFB088B42898120400B18F5D /* Project object */;
}
